
Microsoft Visual Studio Solution File, Format Version 12.00
# Visual Studio 15
Project("{FAE04EC0-301F-11D3-BF4B-00C04F79EFBC}") = "556_tutorial1", "556_tutorial1\556_tutorial1.csproj", "{D31E6D4B-56E7-407C-B1E7-F43D22CA75FD}"
EndProject
Global
	GlobalSection(SolutionConfigurationPlatforms) = preSolution
		Debug|Any CPU = Debug|Any CPU
		Release|Any CPU = Release|Any CPU
	EndGlobalSection
	GlobalSection(ProjectConfigurationPlatforms) = postSolution
		{D31E6D4B-56E7-407C-B1E7-F43D22CA75FD}.Debug|Any CPU.ActiveCfg = Debug|Any CPU
		{D31E6D4B-56E7-407C-B1E7-F43D22CA75FD}.Debug|Any CPU.Build.0 = Debug|Any CPU
		{D31E6D4B-56E7-407C-B1E7-F43D22CA75FD}.Release|Any CPU.ActiveCfg = Release|Any CPU
		{D31E6D4B-56E7-407C-B1E7-F43D22CA75FD}.Release|Any CPU.Build.0 = Release|Any CPU
	EndGlobalSection
EndGlobal
