
Microsoft Visual Studio Solution File, Format Version 12.00
# Visual Studio Version 16
VisualStudioVersion = 16.0.809.0
MinimumVisualStudioVersion = 10.0.40219.1
Project("{FAE04EC0-301F-11D3-BF4B-00C04F79EFBC}") = "Review", "Review\Review.csproj", "{A6AEF801-4FA9-493A-9564-1CE9903AFB92}"
EndProject
Global
	GlobalSection(SolutionConfigurationPlatforms) = preSolution
		Debug|Any CPU = Debug|Any CPU
		Release|Any CPU = Release|Any CPU
	EndGlobalSection
	GlobalSection(ProjectConfigurationPlatforms) = postSolution
		{A6AEF801-4FA9-493A-9564-1CE9903AFB92}.Debug|Any CPU.ActiveCfg = Debug|Any CPU
		{A6AEF801-4FA9-493A-9564-1CE9903AFB92}.Debug|Any CPU.Build.0 = Debug|Any CPU
		{A6AEF801-4FA9-493A-9564-1CE9903AFB92}.Release|Any CPU.ActiveCfg = Release|Any CPU
		{A6AEF801-4FA9-493A-9564-1CE9903AFB92}.Release|Any CPU.Build.0 = Release|Any CPU
	EndGlobalSection
	GlobalSection(SolutionProperties) = preSolution
		HideSolutionNode = FALSE
	EndGlobalSection
	GlobalSection(ExtensibilityGlobals) = postSolution
		SolutionGuid = {D57C1DDC-391E-47DF-8FA1-3AA72C4BAABF}
	EndGlobalSection
EndGlobal
