
Microsoft Visual Studio Solution File, Format Version 12.00
# Visual Studio 15
Project("{FAE04EC0-301F-11D3-BF4B-00C04F79EFBC}") = "Assginment2", "Assginment2\Assginment2.csproj", "{65CC922A-4A83-4F4A-97BA-A1E7AA668FDB}"
EndProject
Global
	GlobalSection(SolutionConfigurationPlatforms) = preSolution
		Debug|Any CPU = Debug|Any CPU
		Release|Any CPU = Release|Any CPU
	EndGlobalSection
	GlobalSection(ProjectConfigurationPlatforms) = postSolution
		{65CC922A-4A83-4F4A-97BA-A1E7AA668FDB}.Debug|Any CPU.ActiveCfg = Debug|Any CPU
		{65CC922A-4A83-4F4A-97BA-A1E7AA668FDB}.Debug|Any CPU.Build.0 = Debug|Any CPU
		{65CC922A-4A83-4F4A-97BA-A1E7AA668FDB}.Release|Any CPU.ActiveCfg = Release|Any CPU
		{65CC922A-4A83-4F4A-97BA-A1E7AA668FDB}.Release|Any CPU.Build.0 = Release|Any CPU
	EndGlobalSection
EndGlobal
