
Microsoft Visual Studio Solution File, Format Version 12.00
# Visual Studio 15
Project("{FAE04EC0-301F-11D3-BF4B-00C04F79EFBC}") = "ass2", "ass2\ass2.csproj", "{041BD283-C5F7-4F3E-91D3-389DE35B8699}"
EndProject
Global
	GlobalSection(SolutionConfigurationPlatforms) = preSolution
		Debug|Any CPU = Debug|Any CPU
		Release|Any CPU = Release|Any CPU
	EndGlobalSection
	GlobalSection(ProjectConfigurationPlatforms) = postSolution
		{041BD283-C5F7-4F3E-91D3-389DE35B8699}.Debug|Any CPU.ActiveCfg = Debug|Any CPU
		{041BD283-C5F7-4F3E-91D3-389DE35B8699}.Debug|Any CPU.Build.0 = Debug|Any CPU
		{041BD283-C5F7-4F3E-91D3-389DE35B8699}.Release|Any CPU.ActiveCfg = Release|Any CPU
		{041BD283-C5F7-4F3E-91D3-389DE35B8699}.Release|Any CPU.Build.0 = Release|Any CPU
	EndGlobalSection
EndGlobal
